// !$*UTF8*$!
{
	archiveVersion = 1;
	classes = {
	};
	objectVersion = 46;
	objects = {

/* Begin PBXBuildFile section */
		2737FD611C89F8CE0074A925 /* UIView+COWBorderColorAdditions.m in Sources */ = {isa = PBXBuildFile; fileRef = 2737FD5E1C89F8CE0074A925 /* UIView+COWBorderColorAdditions.m */; };
		2737FD621C89F8CE0074A925 /* UIView+COWRoundedCornersAdditions.m in Sources */ = {isa = PBXBuildFile; fileRef = 2737FD601C89F8CE0074A925 /* UIView+COWRoundedCornersAdditions.m */; };
		2797BFD01C8128CD0028EA47 /* NSString+COWWhitespaceAdditions.m in Sources */ = {isa = PBXBuildFile; fileRef = 2797BFB31C8128CD0028EA47 /* NSString+COWWhitespaceAdditions.m */; };
		2797BFD11C8128CD0028EA47 /* UIButton+COWBackgroundColorAdditions.m in Sources */ = {isa = PBXBuildFile; fileRef = 2797BFB61C8128CD0028EA47 /* UIButton+COWBackgroundColorAdditions.m */; };
		2797BFD21C8128CD0028EA47 /* UIColor+COWHexStringAdditions.m in Sources */ = {isa = PBXBuildFile; fileRef = 2797BFB91C8128CD0028EA47 /* UIColor+COWHexStringAdditions.m */; };
		2797BFD31C8128CD0028EA47 /* UIImage+COWColorAdditions.m in Sources */ = {isa = PBXBuildFile; fileRef = 2797BFBC1C8128CD0028EA47 /* UIImage+COWColorAdditions.m */; };
		2797BFD41C8128CD0028EA47 /* UIImage+COWRoundedCornerAdditions.m in Sources */ = {isa = PBXBuildFile; fileRef = 2797BFBE1C8128CD0028EA47 /* UIImage+COWRoundedCornerAdditions.m */; };
		2797BFD51C8128CD0028EA47 /* UINavigationController+COWShadowlessNavigationBar.m in Sources */ = {isa = PBXBuildFile; fileRef = 2797BFC11C8128CD0028EA47 /* UINavigationController+COWShadowlessNavigationBar.m */; };
		2797BFD71C8128CD0028EA47 /* COWAlertView.m in Sources */ = {isa = PBXBuildFile; fileRef = 2797BFC71C8128CD0028EA47 /* COWAlertView.m */; };
/* End PBXBuildFile section */

/* Begin PBXCopyFilesBuildPhase section */
		2797BFA21C8128A10028EA47 /* CopyFiles */ = {
			isa = PBXCopyFilesBuildPhase;
			buildActionMask = 2147483647;
			dstPath = "include/$(PRODUCT_NAME)";
			dstSubfolderSpec = 16;
			files = (
			);
			runOnlyForDeploymentPostprocessing = 0;
		};
/* End PBXCopyFilesBuildPhase section */

/* Begin PBXFileReference section */
		2737FD5D1C89F8CE0074A925 /* UIView+COWBorderColorAdditions.h */ = {isa = PBXFileReference; fileEncoding = 4; lastKnownFileType = sourcecode.c.h; path = "UIView+COWBorderColorAdditions.h"; sourceTree = "<group>"; };
		2737FD5E1C89F8CE0074A925 /* UIView+COWBorderColorAdditions.m */ = {isa = PBXFileReference; fileEncoding = 4; lastKnownFileType = sourcecode.c.objc; path = "UIView+COWBorderColorAdditions.m"; sourceTree = "<group>"; };
		2737FD5F1C89F8CE0074A925 /* UIView+COWRoundedCornersAdditions.h */ = {isa = PBXFileReference; fileEncoding = 4; lastKnownFileType = sourcecode.c.h; path = "UIView+COWRoundedCornersAdditions.h"; sourceTree = "<group>"; };
		2737FD601C89F8CE0074A925 /* UIView+COWRoundedCornersAdditions.m */ = {isa = PBXFileReference; fileEncoding = 4; lastKnownFileType = sourcecode.c.objc; path = "UIView+COWRoundedCornersAdditions.m"; sourceTree = "<group>"; };
		2797BFA41C8128A10028EA47 /* libUIKitHelpers.a */ = {isa = PBXFileReference; explicitFileType = archive.ar; includeInIndex = 0; path = libUIKitHelpers.a; sourceTree = BUILT_PRODUCTS_DIR; };
		2797BFB21C8128CD0028EA47 /* NSString+COWWhitespaceAdditions.h */ = {isa = PBXFileReference; fileEncoding = 4; lastKnownFileType = sourcecode.c.h; path = "NSString+COWWhitespaceAdditions.h"; sourceTree = "<group>"; };
		2797BFB31C8128CD0028EA47 /* NSString+COWWhitespaceAdditions.m */ = {isa = PBXFileReference; fileEncoding = 4; lastKnownFileType = sourcecode.c.objc; path = "NSString+COWWhitespaceAdditions.m"; sourceTree = "<group>"; };
		2797BFB51C8128CD0028EA47 /* UIButton+COWBackgroundColorAdditions.h */ = {isa = PBXFileReference; fileEncoding = 4; lastKnownFileType = sourcecode.c.h; path = "UIButton+COWBackgroundColorAdditions.h"; sourceTree = "<group>"; };
		2797BFB61C8128CD0028EA47 /* UIButton+COWBackgroundColorAdditions.m */ = {isa = PBXFileReference; fileEncoding = 4; lastKnownFileType = sourcecode.c.objc; path = "UIButton+COWBackgroundColorAdditions.m"; sourceTree = "<group>"; };
		2797BFB81C8128CD0028EA47 /* UIColor+COWHexStringAdditions.h */ = {isa = PBXFileReference; fileEncoding = 4; lastKnownFileType = sourcecode.c.h; path = "UIColor+COWHexStringAdditions.h"; sourceTree = "<group>"; };
		2797BFB91C8128CD0028EA47 /* UIColor+COWHexStringAdditions.m */ = {isa = PBXFileReference; fileEncoding = 4; lastKnownFileType = sourcecode.c.objc; path = "UIColor+COWHexStringAdditions.m"; sourceTree = "<group>"; };
		2797BFBB1C8128CD0028EA47 /* UIImage+COWColorAdditions.h */ = {isa = PBXFileReference; fileEncoding = 4; lastKnownFileType = sourcecode.c.h; path = "UIImage+COWColorAdditions.h"; sourceTree = "<group>"; };
		2797BFBC1C8128CD0028EA47 /* UIImage+COWColorAdditions.m */ = {isa = PBXFileReference; fileEncoding = 4; lastKnownFileType = sourcecode.c.objc; path = "UIImage+COWColorAdditions.m"; sourceTree = "<group>"; };
		2797BFBD1C8128CD0028EA47 /* UIImage+COWRoundedCornerAdditions.h */ = {isa = PBXFileReference; fileEncoding = 4; lastKnownFileType = sourcecode.c.h; path = "UIImage+COWRoundedCornerAdditions.h"; sourceTree = "<group>"; };
		2797BFBE1C8128CD0028EA47 /* UIImage+COWRoundedCornerAdditions.m */ = {isa = PBXFileReference; fileEncoding = 4; lastKnownFileType = sourcecode.c.objc; path = "UIImage+COWRoundedCornerAdditions.m"; sourceTree = "<group>"; };
		2797BFC01C8128CD0028EA47 /* UINavigationController+COWShadowlessNavigationBar.h */ = {isa = PBXFileReference; fileEncoding = 4; lastKnownFileType = sourcecode.c.h; path = "UINavigationController+COWShadowlessNavigationBar.h"; sourceTree = "<group>"; };
		2797BFC11C8128CD0028EA47 /* UINavigationController+COWShadowlessNavigationBar.m */ = {isa = PBXFileReference; fileEncoding = 4; lastKnownFileType = sourcecode.c.objc; path = "UINavigationController+COWShadowlessNavigationBar.m"; sourceTree = "<group>"; };
		2797BFC61C8128CD0028EA47 /* COWAlertView.h */ = {isa = PBXFileReference; fileEncoding = 4; lastKnownFileType = sourcecode.c.h; path = COWAlertView.h; sourceTree = "<group>"; };
		2797BFC71C8128CD0028EA47 /* COWAlertView.m */ = {isa = PBXFileReference; fileEncoding = 4; lastKnownFileType = sourcecode.c.objc; path = COWAlertView.m; sourceTree = "<group>"; };
		2797BFC81C8128CD0028EA47 /* COW_UIKitHelpers.h */ = {isa = PBXFileReference; fileEncoding = 4; lastKnownFileType = sourcecode.c.h; name = COW_UIKitHelpers.h; path = ../COW_UIKitHelpers.h; sourceTree = "<group>"; };
		2797BFCA1C8128CD0028EA47 /* COW_Cast_Macros.h */ = {isa = PBXFileReference; fileEncoding = 4; lastKnownFileType = sourcecode.c.h; path = COW_Cast_Macros.h; sourceTree = "<group>"; };
		2797BFCB1C8128CD0028EA47 /* COW_Debug_Macros.h */ = {isa = PBXFileReference; fileEncoding = 4; lastKnownFileType = sourcecode.c.h; path = COW_Debug_Macros.h; sourceTree = "<group>"; };
		2797BFCC1C8128CD0028EA47 /* COW_Log_Macros.h */ = {isa = PBXFileReference; fileEncoding = 4; lastKnownFileType = sourcecode.c.h; path = COW_Log_Macros.h; sourceTree = "<group>"; };
		2797BFCD1C8128CD0028EA47 /* COW_Other_Macros.h */ = {isa = PBXFileReference; fileEncoding = 4; lastKnownFileType = sourcecode.c.h; path = COW_Other_Macros.h; sourceTree = "<group>"; };
		2797BFCE1C8128CD0028EA47 /* COW_String_Macros.h */ = {isa = PBXFileReference; fileEncoding = 4; lastKnownFileType = sourcecode.c.h; path = COW_String_Macros.h; sourceTree = "<group>"; };
		2797BFCF1C8128CD0028EA47 /* COW_UIKitHelpers_Macros.h */ = {isa = PBXFileReference; fileEncoding = 4; lastKnownFileType = sourcecode.c.h; path = COW_UIKitHelpers_Macros.h; sourceTree = "<group>"; };
/* End PBXFileReference section */

/* Begin PBXFrameworksBuildPhase section */
		2797BFA11C8128A10028EA47 /* Frameworks */ = {
			isa = PBXFrameworksBuildPhase;
			buildActionMask = 2147483647;
			files = (
			);
			runOnlyForDeploymentPostprocessing = 0;
		};
/* End PBXFrameworksBuildPhase section */

/* Begin PBXGroup section */
		2797BF9B1C8128A10028EA47 = {
			isa = PBXGroup;
			children = (
				2797BFB01C8128CD0028EA47 /* Categories */,
				2797BFC51C8128CD0028EA47 /* Classes */,
				2797BFC81C8128CD0028EA47 /* COW_UIKitHelpers.h */,
				2797BFC91C8128CD0028EA47 /* Macros */,
				2797BFA51C8128A10028EA47 /* Products */,
			);
			sourceTree = "<group>";
		};
		2797BFA51C8128A10028EA47 /* Products */ = {
			isa = PBXGroup;
			children = (
				2797BFA41C8128A10028EA47 /* libUIKitHelpers.a */,
			);
			name = Products;
			sourceTree = "<group>";
		};
		2797BFB01C8128CD0028EA47 /* Categories */ = {
			isa = PBXGroup;
			children = (
				2797BFB11C8128CD0028EA47 /* NSString */,
				2797BFB41C8128CD0028EA47 /* UIButton */,
				2797BFB71C8128CD0028EA47 /* UIColor */,
				2797BFBA1C8128CD0028EA47 /* UIImage */,
				2797BFBF1C8128CD0028EA47 /* UINavigationController */,
				2797BFC21C8128CD0028EA47 /* UIView */,
			);
			name = Categories;
			path = ../Categories;
			sourceTree = "<group>";
		};
		2797BFB11C8128CD0028EA47 /* NSString */ = {
			isa = PBXGroup;
			children = (
				2797BFB21C8128CD0028EA47 /* NSString+COWWhitespaceAdditions.h */,
				2797BFB31C8128CD0028EA47 /* NSString+COWWhitespaceAdditions.m */,
			);
			path = NSString;
			sourceTree = "<group>";
		};
		2797BFB41C8128CD0028EA47 /* UIButton */ = {
			isa = PBXGroup;
			children = (
				2797BFB51C8128CD0028EA47 /* UIButton+COWBackgroundColorAdditions.h */,
				2797BFB61C8128CD0028EA47 /* UIButton+COWBackgroundColorAdditions.m */,
			);
			path = UIButton;
			sourceTree = "<group>";
		};
		2797BFB71C8128CD0028EA47 /* UIColor */ = {
			isa = PBXGroup;
			children = (
				2797BFB81C8128CD0028EA47 /* UIColor+COWHexStringAdditions.h */,
				2797BFB91C8128CD0028EA47 /* UIColor+COWHexStringAdditions.m */,
			);
			path = UIColor;
			sourceTree = "<group>";
		};
		2797BFBA1C8128CD0028EA47 /* UIImage */ = {
			isa = PBXGroup;
			children = (
				2797BFBB1C8128CD0028EA47 /* UIImage+COWColorAdditions.h */,
				2797BFBC1C8128CD0028EA47 /* UIImage+COWColorAdditions.m */,
				2797BFBD1C8128CD0028EA47 /* UIImage+COWRoundedCornerAdditions.h */,
				2797BFBE1C8128CD0028EA47 /* UIImage+COWRoundedCornerAdditions.m */,
			);
			path = UIImage;
			sourceTree = "<group>";
		};
		2797BFBF1C8128CD0028EA47 /* UINavigationController */ = {
			isa = PBXGroup;
			children = (
				2797BFC01C8128CD0028EA47 /* UINavigationController+COWShadowlessNavigationBar.h */,
				2797BFC11C8128CD0028EA47 /* UINavigationController+COWShadowlessNavigationBar.m */,
			);
			path = UINavigationController;
			sourceTree = "<group>";
		};
		2797BFC21C8128CD0028EA47 /* UIView */ = {
			isa = PBXGroup;
			children = (
				2737FD5D1C89F8CE0074A925 /* UIView+COWBorderColorAdditions.h */,
				2737FD5E1C89F8CE0074A925 /* UIView+COWBorderColorAdditions.m */,
				2737FD5F1C89F8CE0074A925 /* UIView+COWRoundedCornersAdditions.h */,
				2737FD601C89F8CE0074A925 /* UIView+COWRoundedCornersAdditions.m */,
			);
			path = UIView;
			sourceTree = "<group>";
		};
		2797BFC51C8128CD0028EA47 /* Classes */ = {
			isa = PBXGroup;
			children = (
				2797BFC61C8128CD0028EA47 /* COWAlertView.h */,
				2797BFC71C8128CD0028EA47 /* COWAlertView.m */,
			);
			name = Classes;
			path = ../Classes;
			sourceTree = "<group>";
		};
		2797BFC91C8128CD0028EA47 /* Macros */ = {
			isa = PBXGroup;
			children = (
				2797BFCA1C8128CD0028EA47 /* COW_Cast_Macros.h */,
				2797BFCB1C8128CD0028EA47 /* COW_Debug_Macros.h */,
				2797BFCC1C8128CD0028EA47 /* COW_Log_Macros.h */,
				2797BFCD1C8128CD0028EA47 /* COW_Other_Macros.h */,
				2797BFCE1C8128CD0028EA47 /* COW_String_Macros.h */,
				2797BFCF1C8128CD0028EA47 /* COW_UIKitHelpers_Macros.h */,
			);
			name = Macros;
			path = ../Macros;
			sourceTree = "<group>";
		};
/* End PBXGroup section */

/* Begin PBXNativeTarget section */
		2797BFA31C8128A10028EA47 /* UIKitHelpers */ = {
			isa = PBXNativeTarget;
			buildConfigurationList = 2797BFAD1C8128A10028EA47 /* Build configuration list for PBXNativeTarget "UIKitHelpers" */;
			buildPhases = (
				2797BFA01C8128A10028EA47 /* Sources */,
				2797BFA11C8128A10028EA47 /* Frameworks */,
				2797BFA21C8128A10028EA47 /* CopyFiles */,
			);
			buildRules = (
			);
			dependencies = (
			);
			name = UIKitHelpers;
			productName = UIKitHelpers;
			productReference = 2797BFA41C8128A10028EA47 /* libUIKitHelpers.a */;
			productType = "com.apple.product-type.library.static";
		};
/* End PBXNativeTarget section */

/* Begin PBXProject section */
		2797BF9C1C8128A10028EA47 /* Project object */ = {
			isa = PBXProject;
			attributes = {
				LastUpgradeCheck = 0720;
				ORGANIZATIONNAME = AmazingCow;
				TargetAttributes = {
					2797BFA31C8128A10028EA47 = {
						CreatedOnToolsVersion = 7.2;
					};
				};
			};
			buildConfigurationList = 2797BF9F1C8128A10028EA47 /* Build configuration list for PBXProject "UIKitHelpers" */;
			compatibilityVersion = "Xcode 3.2";
			developmentRegion = English;
			hasScannedForEncodings = 0;
			knownRegions = (
				en,
			);
			mainGroup = 2797BF9B1C8128A10028EA47;
			productRefGroup = 2797BFA51C8128A10028EA47 /* Products */;
			projectDirPath = "";
			projectRoot = "";
			targets = (
				2797BFA31C8128A10028EA47 /* UIKitHelpers */,
			);
		};
/* End PBXProject section */

/* Begin PBXSourcesBuildPhase section */
		2797BFA01C8128A10028EA47 /* Sources */ = {
			isa = PBXSourcesBuildPhase;
			buildActionMask = 2147483647;
			files = (
				2737FD611C89F8CE0074A925 /* UIView+COWBorderColorAdditions.m in Sources */,
				2797BFD21C8128CD0028EA47 /* UIColor+COWHexStringAdditions.m in Sources */,
				2797BFD31C8128CD0028EA47 /* UIImage+COWColorAdditions.m in Sources */,
				2737FD621C89F8CE0074A925 /* UIView+COWRoundedCornersAdditions.m in Sources */,
				2797BFD41C8128CD0028EA47 /* UIImage+COWRoundedCornerAdditions.m in Sources */,
				2797BFD01C8128CD0028EA47 /* NSString+COWWhitespaceAdditions.m in Sources */,
				2797BFD71C8128CD0028EA47 /* COWAlertView.m in Sources */,
				2797BFD51C8128CD0028EA47 /* UINavigationController+COWShadowlessNavigationBar.m in Sources */,
				2797BFD11C8128CD0028EA47 /* UIButton+COWBackgroundColorAdditions.m in Sources */,
			);
			runOnlyForDeploymentPostprocessing = 0;
		};
/* End PBXSourcesBuildPhase section */

/* Begin XCBuildConfiguration section */
		2797BFAB1C8128A10028EA47 /* Debug */ = {
			isa = XCBuildConfiguration;
			buildSettings = {
				ALWAYS_SEARCH_USER_PATHS = NO;
				CLANG_CXX_LANGUAGE_STANDARD = "gnu++0x";
				CLANG_CXX_LIBRARY = "libc++";
				CLANG_ENABLE_MODULES = YES;
				CLANG_ENABLE_OBJC_ARC = YES;
				CLANG_WARN_BOOL_CONVERSION = YES;
				CLANG_WARN_CONSTANT_CONVERSION = YES;
				CLANG_WARN_DIRECT_OBJC_ISA_USAGE = YES_ERROR;
				CLANG_WARN_EMPTY_BODY = YES;
				CLANG_WARN_ENUM_CONVERSION = YES;
				CLANG_WARN_INT_CONVERSION = YES;
				CLANG_WARN_OBJC_ROOT_CLASS = YES_ERROR;
				CLANG_WARN_UNREACHABLE_CODE = YES;
				CLANG_WARN__DUPLICATE_METHOD_MATCH = YES;
				"CODE_SIGN_IDENTITY[sdk=iphoneos*]" = "iPhone Developer";
				COPY_PHASE_STRIP = NO;
				DEBUG_INFORMATION_FORMAT = dwarf;
				ENABLE_STRICT_OBJC_MSGSEND = YES;
				ENABLE_TESTABILITY = YES;
				GCC_C_LANGUAGE_STANDARD = gnu99;
				GCC_DYNAMIC_NO_PIC = NO;
				GCC_NO_COMMON_BLOCKS = YES;
				GCC_OPTIMIZATION_LEVEL = 0;
				GCC_PREPROCESSOR_DEFINITIONS = (
					"DEBUG=1",
					"$(inherited)",
				);
				GCC_WARN_64_TO_32_BIT_CONVERSION = YES;
				GCC_WARN_ABOUT_RETURN_TYPE = YES_ERROR;
				GCC_WARN_UNDECLARED_SELECTOR = YES;
				GCC_WARN_UNINITIALIZED_AUTOS = YES_AGGRESSIVE;
				GCC_WARN_UNUSED_FUNCTION = YES;
				GCC_WARN_UNUSED_VARIABLE = YES;
				IPHONEOS_DEPLOYMENT_TARGET = 9.2;
				MTL_ENABLE_DEBUG_INFO = YES;
				ONLY_ACTIVE_ARCH = YES;
				SDKROOT = iphoneos;
			};
			name = Debug;
		};
		2797BFAC1C8128A10028EA47 /* Release */ = {
			isa = XCBuildConfiguration;
			buildSettings = {
				ALWAYS_SEARCH_USER_PATHS = NO;
				CLANG_CXX_LANGUAGE_STANDARD = "gnu++0x";
				CLANG_CXX_LIBRARY = "libc++";
				CLANG_ENABLE_MODULES = YES;
				CLANG_ENABLE_OBJC_ARC = YES;
				CLANG_WARN_BOOL_CONVERSION = YES;
				CLANG_WARN_CONSTANT_CONVERSION = YES;
				CLANG_WARN_DIRECT_OBJC_ISA_USAGE = YES_ERROR;
				CLANG_WARN_EMPTY_BODY = YES;
				CLANG_WARN_ENUM_CONVERSION = YES;
				CLANG_WARN_INT_CONVERSION = YES;
				CLANG_WARN_OBJC_ROOT_CLASS = YES_ERROR;
				CLANG_WARN_UNREACHABLE_CODE = YES;
				CLANG_WARN__DUPLICATE_METHOD_MATCH = YES;
				"CODE_SIGN_IDENTITY[sdk=iphoneos*]" = "iPhone Developer";
				COPY_PHASE_STRIP = NO;
				DEBUG_INFORMATION_FORMAT = "dwarf-with-dsym";
				ENABLE_NS_ASSERTIONS = NO;
				ENABLE_STRICT_OBJC_MSGSEND = YES;
				GCC_C_LANGUAGE_STANDARD = gnu99;
				GCC_NO_COMMON_BLOCKS = YES;
				GCC_WARN_64_TO_32_BIT_CONVERSION = YES;
				GCC_WARN_ABOUT_RETURN_TYPE = YES_ERROR;
				GCC_WARN_UNDECLARED_SELECTOR = YES;
				GCC_WARN_UNINITIALIZED_AUTOS = YES_AGGRESSIVE;
				GCC_WARN_UNUSED_FUNCTION = YES;
				GCC_WARN_UNUSED_VARIABLE = YES;
				IPHONEOS_DEPLOYMENT_TARGET = 9.2;
				MTL_ENABLE_DEBUG_INFO = NO;
				SDKROOT = iphoneos;
				VALIDATE_PRODUCT = YES;
			};
			name = Release;
		};
		2797BFAE1C8128A10028EA47 /* Debug */ = {
			isa = XCBuildConfiguration;
			buildSettings = {
				GCC_PREPROCESSOR_DEFINITIONS = (
					"UIKITHELPERS_UICOLOR_ASSERT_ON_INVALID_VALUES=1",
					"DEBUG=1",
					"$(inherited)",
				);
				MACH_O_TYPE = mh_execute;
				OTHER_LDFLAGS = "-ObjC";
				PRODUCT_NAME = "$(TARGET_NAME)";
				SKIP_INSTALL = YES;
			};
			name = Debug;
		};
		2797BFAF1C8128A10028EA47 /* Release */ = {
			isa = XCBuildConfiguration;
			buildSettings = {
				MACH_O_TYPE = mh_execute;
				OTHER_LDFLAGS = "-ObjC";
				PRODUCT_NAME = "$(TARGET_NAME)";
				SKIP_INSTALL = YES;
			};
			name = Release;
		};
/* End XCBuildConfiguration section */

/* Begin XCConfigurationList section */
		2797BF9F1C8128A10028EA47 /* Build configuration list for PBXProject "UIKitHelpers" */ = {
			isa = XCConfigurationList;
			buildConfigurations = (
				2797BFAB1C8128A10028EA47 /* Debug */,
				2797BFAC1C8128A10028EA47 /* Release */,
			);
			defaultConfigurationIsVisible = 0;
			defaultConfigurationName = Release;
		};
		2797BFAD1C8128A10028EA47 /* Build configuration list for PBXNativeTarget "UIKitHelpers" */ = {
			isa = XCConfigurationList;
			buildConfigurations = (
				2797BFAE1C8128A10028EA47 /* Debug */,
				2797BFAF1C8128A10028EA47 /* Release */,
			);
			defaultConfigurationIsVisible = 0;
			defaultConfigurationName = Release;
		};
/* End XCConfigurationList section */
	};
	rootObject = 2797BF9C1C8128A10028EA47 /* Project object */;
}
